// !$*UTF8*$!
{
	archiveVersion = 1;
	classes = {
	};
	objectVersion = 46;
	objects = {

/* Begin PBXBuildFile section */
		EDE272C21E650955003EDCD2 /* AppDelegate.swift in Sources */ = {isa = PBXBuildFile; fileRef = EDE272C11E650955003EDCD2 /* AppDelegate.swift */; };
		EDE272C41E650955003EDCD2 /* ViewController.swift in Sources */ = {isa = PBXBuildFile; fileRef = EDE272C31E650955003EDCD2 /* ViewController.swift */; };
		EDE272C71E650955003EDCD2 /* Main.storyboard in Resources */ = {isa = PBXBuildFile; fileRef = EDE272C51E650955003EDCD2 /* Main.storyboard */; };
		EDE272C91E650955003EDCD2 /* Assets.xcassets in Resources */ = {isa = PBXBuildFile; fileRef = EDE272C81E650955003EDCD2 /* Assets.xcassets */; };
		EDE272CC1E650955003EDCD2 /* LaunchScreen.storyboard in Resources */ = {isa = PBXBuildFile; fileRef = EDE272CA1E650955003EDCD2 /* LaunchScreen.storyboard */; };
		EDE272D71E650955003EDCD2 /* ComputerScienceFlashCardsTests.swift in Sources */ = {isa = PBXBuildFile; fileRef = EDE272D61E650955003EDCD2 /* ComputerScienceFlashCardsTests.swift */; };
		EDE272E21E650CC8003EDCD2 /* QuestionsViewController.swift in Sources */ = {isa = PBXBuildFile; fileRef = EDE272E11E650CC8003EDCD2 /* QuestionsViewController.swift */; };
		EDE272E41E650DB4003EDCD2 /* QuestionCell.swift in Sources */ = {isa = PBXBuildFile; fileRef = EDE272E31E650DB4003EDCD2 /* QuestionCell.swift */; };
/* End PBXBuildFile section */

/* Begin PBXContainerItemProxy section */
		EDE272D31E650955003EDCD2 /* PBXContainerItemProxy */ = {
			isa = PBXContainerItemProxy;
			containerPortal = EDE272B61E650955003EDCD2 /* Project object */;
			proxyType = 1;
			remoteGlobalIDString = EDE272BD1E650955003EDCD2;
			remoteInfo = ComputerScienceFlashCards;
		};
/* End PBXContainerItemProxy section */

/* Begin PBXFileReference section */
		EDE272BE1E650955003EDCD2 /* ComputerScienceFlashCards.app */ = {isa = PBXFileReference; explicitFileType = wrapper.application; includeInIndex = 0; path = ComputerScienceFlashCards.app; sourceTree = BUILT_PRODUCTS_DIR; };
		EDE272C11E650955003EDCD2 /* AppDelegate.swift */ = {isa = PBXFileReference; lastKnownFileType = sourcecode.swift; path = AppDelegate.swift; sourceTree = "<group>"; };
		EDE272C31E650955003EDCD2 /* ViewController.swift */ = {isa = PBXFileReference; lastKnownFileType = sourcecode.swift; path = ViewController.swift; sourceTree = "<group>"; };
		EDE272C61E650955003EDCD2 /* Base */ = {isa = PBXFileReference; lastKnownFileType = file.storyboard; name = Base; path = Base.lproj/Main.storyboard; sourceTree = "<group>"; };
		EDE272C81E650955003EDCD2 /* Assets.xcassets */ = {isa = PBXFileReference; lastKnownFileType = folder.assetcatalog; path = Assets.xcassets; sourceTree = "<group>"; };
		EDE272CB1E650955003EDCD2 /* Base */ = {isa = PBXFileReference; lastKnownFileType = file.storyboard; name = Base; path = Base.lproj/LaunchScreen.storyboard; sourceTree = "<group>"; };
		EDE272CD1E650955003EDCD2 /* Info.plist */ = {isa = PBXFileReference; lastKnownFileType = text.plist.xml; path = Info.plist; sourceTree = "<group>"; };
		EDE272D21E650955003EDCD2 /* ComputerScienceFlashCardsTests.xctest */ = {isa = PBXFileReference; explicitFileType = wrapper.cfbundle; includeInIndex = 0; path = ComputerScienceFlashCardsTests.xctest; sourceTree = BUILT_PRODUCTS_DIR; };
		EDE272D61E650955003EDCD2 /* ComputerScienceFlashCardsTests.swift */ = {isa = PBXFileReference; lastKnownFileType = sourcecode.swift; path = ComputerScienceFlashCardsTests.swift; sourceTree = "<group>"; };
		EDE272D81E650955003EDCD2 /* Info.plist */ = {isa = PBXFileReference; lastKnownFileType = text.plist.xml; path = Info.plist; sourceTree = "<group>"; };
		EDE272E11E650CC8003EDCD2 /* QuestionsViewController.swift */ = {isa = PBXFileReference; fileEncoding = 4; lastKnownFileType = sourcecode.swift; path = QuestionsViewController.swift; sourceTree = "<group>"; };
		EDE272E31E650DB4003EDCD2 /* QuestionCell.swift */ = {isa = PBXFileReference; fileEncoding = 4; lastKnownFileType = sourcecode.swift; path = QuestionCell.swift; sourceTree = "<group>"; };
/* End PBXFileReference section */

/* Begin PBXFrameworksBuildPhase section */
		EDE272BB1E650955003EDCD2 /* Frameworks */ = {
			isa = PBXFrameworksBuildPhase;
			buildActionMask = 2147483647;
			files = (
			);
			runOnlyForDeploymentPostprocessing = 0;
		};
		EDE272CF1E650955003EDCD2 /* Frameworks */ = {
			isa = PBXFrameworksBuildPhase;
			buildActionMask = 2147483647;
			files = (
			);
			runOnlyForDeploymentPostprocessing = 0;
		};
/* End PBXFrameworksBuildPhase section */

/* Begin PBXGroup section */
		EDE272B51E650955003EDCD2 = {
			isa = PBXGroup;
			children = (
				EDE272C01E650955003EDCD2 /* ComputerScienceFlashCards */,
				EDE272D51E650955003EDCD2 /* ComputerScienceFlashCardsTests */,
				EDE272BF1E650955003EDCD2 /* Products */,
			);
			sourceTree = "<group>";
		};
		EDE272BF1E650955003EDCD2 /* Products */ = {
			isa = PBXGroup;
			children = (
				EDE272BE1E650955003EDCD2 /* ComputerScienceFlashCards.app */,
				EDE272D21E650955003EDCD2 /* ComputerScienceFlashCardsTests.xctest */,
			);
			name = Products;
			sourceTree = "<group>";
		};
		EDE272C01E650955003EDCD2 /* ComputerScienceFlashCards */ = {
			isa = PBXGroup;
			children = (
				EDE272C11E650955003EDCD2 /* AppDelegate.swift */,
				EDE272C31E650955003EDCD2 /* ViewController.swift */,
				EDE272C51E650955003EDCD2 /* Main.storyboard */,
				EDE272C81E650955003EDCD2 /* Assets.xcassets */,
				EDE272CA1E650955003EDCD2 /* LaunchScreen.storyboard */,
				EDE272CD1E650955003EDCD2 /* Info.plist */,
				EDE272E11E650CC8003EDCD2 /* QuestionsViewController.swift */,
				EDE272E31E650DB4003EDCD2 /* QuestionCell.swift */,
			);
			path = ComputerScienceFlashCards;
			sourceTree = "<group>";
		};
		EDE272D51E650955003EDCD2 /* ComputerScienceFlashCardsTests */ = {
			isa = PBXGroup;
			children = (
				EDE272D61E650955003EDCD2 /* ComputerScienceFlashCardsTests.swift */,
				EDE272D81E650955003EDCD2 /* Info.plist */,
			);
			path = ComputerScienceFlashCardsTests;
			sourceTree = "<group>";
		};
/* End PBXGroup section */

/* Begin PBXNativeTarget section */
		EDE272BD1E650955003EDCD2 /* ComputerScienceFlashCards */ = {
			isa = PBXNativeTarget;
			buildConfigurationList = EDE272DB1E650955003EDCD2 /* Build configuration list for PBXNativeTarget "ComputerScienceFlashCards" */;
			buildPhases = (
				EDE272BA1E650955003EDCD2 /* Sources */,
				EDE272BB1E650955003EDCD2 /* Frameworks */,
				EDE272BC1E650955003EDCD2 /* Resources */,
			);
			buildRules = (
			);
			dependencies = (
			);
			name = ComputerScienceFlashCards;
			productName = ComputerScienceFlashCards;
			productReference = EDE272BE1E650955003EDCD2 /* ComputerScienceFlashCards.app */;
			productType = "com.apple.product-type.application";
		};
		EDE272D11E650955003EDCD2 /* ComputerScienceFlashCardsTests */ = {
			isa = PBXNativeTarget;
			buildConfigurationList = EDE272DE1E650955003EDCD2 /* Build configuration list for PBXNativeTarget "ComputerScienceFlashCardsTests" */;
			buildPhases = (
				EDE272CE1E650955003EDCD2 /* Sources */,
				EDE272CF1E650955003EDCD2 /* Frameworks */,
				EDE272D01E650955003EDCD2 /* Resources */,
			);
			buildRules = (
			);
			dependencies = (
				EDE272D41E650955003EDCD2 /* PBXTargetDependency */,
			);
			name = ComputerScienceFlashCardsTests;
			productName = ComputerScienceFlashCardsTests;
			productReference = EDE272D21E650955003EDCD2 /* ComputerScienceFlashCardsTests.xctest */;
			productType = "com.apple.product-type.bundle.unit-test";
		};
/* End PBXNativeTarget section */

/* Begin PBXProject section */
		EDE272B61E650955003EDCD2 /* Project object */ = {
			isa = PBXProject;
			attributes = {
				LastSwiftUpdateCheck = 0820;
				LastUpgradeCheck = 0820;
				ORGANIZATIONNAME = Solstice;
				TargetAttributes = {
					EDE272BD1E650955003EDCD2 = {
						CreatedOnToolsVersion = 8.2.1;
						DevelopmentTeam = N2YJW3P87B;
						ProvisioningStyle = Automatic;
					};
					EDE272D11E650955003EDCD2 = {
						CreatedOnToolsVersion = 8.2.1;
						DevelopmentTeam = 2DKEC74GE9;
						ProvisioningStyle = Automatic;
						TestTargetID = EDE272BD1E650955003EDCD2;
					};
				};
			};
			buildConfigurationList = EDE272B91E650955003EDCD2 /* Build configuration list for PBXProject "ComputerScienceFlashCards" */;
			compatibilityVersion = "Xcode 3.2";
			developmentRegion = English;
			hasScannedForEncodings = 0;
			knownRegions = (
				en,
				Base,
			);
			mainGroup = EDE272B51E650955003EDCD2;
			productRefGroup = EDE272BF1E650955003EDCD2 /* Products */;
			projectDirPath = "";
			projectRoot = "";
			targets = (
				EDE272BD1E650955003EDCD2 /* ComputerScienceFlashCards */,
				EDE272D11E650955003EDCD2 /* ComputerScienceFlashCardsTests */,
			);
		};
/* End PBXProject section */

/* Begin PBXResourcesBuildPhase section */
		EDE272BC1E650955003EDCD2 /* Resources */ = {
			isa = PBXResourcesBuildPhase;
			buildActionMask = 2147483647;
			files = (
				EDE272CC1E650955003EDCD2 /* LaunchScreen.storyboard in Resources */,
				EDE272C91E650955003EDCD2 /* Assets.xcassets in Resources */,
				EDE272C71E650955003EDCD2 /* Main.storyboard in Resources */,
			);
			runOnlyForDeploymentPostprocessing = 0;
		};
		EDE272D01E650955003EDCD2 /* Resources */ = {
			isa = PBXResourcesBuildPhase;
			buildActionMask = 2147483647;
			files = (
			);
			runOnlyForDeploymentPostprocessing = 0;
		};
/* End PBXResourcesBuildPhase section */

/* Begin PBXSourcesBuildPhase section */
		EDE272BA1E650955003EDCD2 /* Sources */ = {
			isa = PBXSourcesBuildPhase;
			buildActionMask = 2147483647;
			files = (
				EDE272C41E650955003EDCD2 /* ViewController.swift in Sources */,
				EDE272E41E650DB4003EDCD2 /* QuestionCell.swift in Sources */,
				EDE272E21E650CC8003EDCD2 /* QuestionsViewController.swift in Sources */,
				EDE272C21E650955003EDCD2 /* AppDelegate.swift in Sources */,
			);
			runOnlyForDeploymentPostprocessing = 0;
		};
		EDE272CE1E650955003EDCD2 /* Sources */ = {
			isa = PBXSourcesBuildPhase;
			buildActionMask = 2147483647;
			files = (
				EDE272D71E650955003EDCD2 /* ComputerScienceFlashCardsTests.swift in Sources */,
			);
			runOnlyForDeploymentPostprocessing = 0;
		};
/* End PBXSourcesBuildPhase section */

/* Begin PBXTargetDependency section */
		EDE272D41E650955003EDCD2 /* PBXTargetDependency */ = {
			isa = PBXTargetDependency;
			target = EDE272BD1E650955003EDCD2 /* ComputerScienceFlashCards */;
			targetProxy = EDE272D31E650955003EDCD2 /* PBXContainerItemProxy */;
		};
/* End PBXTargetDependency section */

/* Begin PBXVariantGroup section */
		EDE272C51E650955003EDCD2 /* Main.storyboard */ = {
			isa = PBXVariantGroup;
			children = (
				EDE272C61E650955003EDCD2 /* Base */,
			);
			name = Main.storyboard;
			sourceTree = "<group>";
		};
		EDE272CA1E650955003EDCD2 /* LaunchScreen.storyboard */ = {
			isa = PBXVariantGroup;
			children = (
				EDE272CB1E650955003EDCD2 /* Base */,
			);
			name = LaunchScreen.storyboard;
			sourceTree = "<group>";
		};
/* End PBXVariantGroup section */

/* Begin XCBuildConfiguration section */
		EDE272D91E650955003EDCD2 /* Debug */ = {
			isa = XCBuildConfiguration;
			buildSettings = {
				ALWAYS_SEARCH_USER_PATHS = NO;
				CLANG_ANALYZER_NONNULL = YES;
				CLANG_CXX_LANGUAGE_STANDARD = "gnu++0x";
				CLANG_CXX_LIBRARY = "libc++";
				CLANG_ENABLE_MODULES = YES;
				CLANG_ENABLE_OBJC_ARC = YES;
				CLANG_WARN_BOOL_CONVERSION = YES;
				CLANG_WARN_CONSTANT_CONVERSION = YES;
				CLANG_WARN_DIRECT_OBJC_ISA_USAGE = YES_ERROR;
				CLANG_WARN_DOCUMENTATION_COMMENTS = YES;
				CLANG_WARN_EMPTY_BODY = YES;
				CLANG_WARN_ENUM_CONVERSION = YES;
				CLANG_WARN_INFINITE_RECURSION = YES;
				CLANG_WARN_INT_CONVERSION = YES;
				CLANG_WARN_OBJC_ROOT_CLASS = YES_ERROR;
				CLANG_WARN_SUSPICIOUS_MOVE = YES;
				CLANG_WARN_UNREACHABLE_CODE = YES;
				CLANG_WARN__DUPLICATE_METHOD_MATCH = YES;
				"CODE_SIGN_IDENTITY[sdk=iphoneos*]" = "iPhone Developer";
				COPY_PHASE_STRIP = NO;
				DEBUG_INFORMATION_FORMAT = dwarf;
				ENABLE_STRICT_OBJC_MSGSEND = YES;
				ENABLE_TESTABILITY = YES;
				GCC_C_LANGUAGE_STANDARD = gnu99;
				GCC_DYNAMIC_NO_PIC = NO;
				GCC_NO_COMMON_BLOCKS = YES;
				GCC_OPTIMIZATION_LEVEL = 0;
				GCC_PREPROCESSOR_DEFINITIONS = (
					"DEBUG=1",
					"$(inherited)",
				);
				GCC_WARN_64_TO_32_BIT_CONVERSION = YES;
				GCC_WARN_ABOUT_RETURN_TYPE = YES_ERROR;
				GCC_WARN_UNDECLARED_SELECTOR = YES;
				GCC_WARN_UNINITIALIZED_AUTOS = YES_AGGRESSIVE;
				GCC_WARN_UNUSED_FUNCTION = YES;
				GCC_WARN_UNUSED_VARIABLE = YES;
				IPHONEOS_DEPLOYMENT_TARGET = 10.2;
				MTL_ENABLE_DEBUG_INFO = YES;
				ONLY_ACTIVE_ARCH = YES;
				SDKROOT = iphoneos;
				SWIFT_ACTIVE_COMPILATION_CONDITIONS = DEBUG;
				SWIFT_OPTIMIZATION_LEVEL = "-Onone";
				TARGETED_DEVICE_FAMILY = "1,2";
			};
			name = Debug;
		};
		EDE272DA1E650955003EDCD2 /* Release */ = {
			isa = XCBuildConfiguration;
			buildSettings = {
				ALWAYS_SEARCH_USER_PATHS = NO;
				CLANG_ANALYZER_NONNULL = YES;
				CLANG_CXX_LANGUAGE_STANDARD = "gnu++0x";
				CLANG_CXX_LIBRARY = "libc++";
				CLANG_ENABLE_MODULES = YES;
				CLANG_ENABLE_OBJC_ARC = YES;
				CLANG_WARN_BOOL_CONVERSION = YES;
				CLANG_WARN_CONSTANT_CONVERSION = YES;
				CLANG_WARN_DIRECT_OBJC_ISA_USAGE = YES_ERROR;
				CLANG_WARN_DOCUMENTATION_COMMENTS = YES;
				CLANG_WARN_EMPTY_BODY = YES;
				CLANG_WARN_ENUM_CONVERSION = YES;
				CLANG_WARN_INFINITE_RECURSION = YES;
				CLANG_WARN_INT_CONVERSION = YES;
				CLANG_WARN_OBJC_ROOT_CLASS = YES_ERROR;
				CLANG_WARN_SUSPICIOUS_MOVE = YES;
				CLANG_WARN_UNREACHABLE_CODE = YES;
				CLANG_WARN__DUPLICATE_METHOD_MATCH = YES;
				"CODE_SIGN_IDENTITY[sdk=iphoneos*]" = "iPhone Developer";
				COPY_PHASE_STRIP = NO;
				DEBUG_INFORMATION_FORMAT = "dwarf-with-dsym";
				ENABLE_NS_ASSERTIONS = NO;
				ENABLE_STRICT_OBJC_MSGSEND = YES;
				GCC_C_LANGUAGE_STANDARD = gnu99;
				GCC_NO_COMMON_BLOCKS = YES;
				GCC_WARN_64_TO_32_BIT_CONVERSION = YES;
				GCC_WARN_ABOUT_RETURN_TYPE = YES_ERROR;
				GCC_WARN_UNDECLARED_SELECTOR = YES;
				GCC_WARN_UNINITIALIZED_AUTOS = YES_AGGRESSIVE;
				GCC_WARN_UNUSED_FUNCTION = YES;
				GCC_WARN_UNUSED_VARIABLE = YES;
				IPHONEOS_DEPLOYMENT_TARGET = 10.2;
				MTL_ENABLE_DEBUG_INFO = NO;
				SDKROOT = iphoneos;
				SWIFT_OPTIMIZATION_LEVEL = "-Owholemodule";
				TARGETED_DEVICE_FAMILY = "1,2";
				VALIDATE_PRODUCT = YES;
			};
			name = Release;
		};
		EDE272DC1E650955003EDCD2 /* Debug */ = {
			isa = XCBuildConfiguration;
			buildSettings = {
				ASSETCATALOG_COMPILER_APPICON_NAME = AppIcon;
				DEVELOPMENT_TEAM = N2YJW3P87B;
				INFOPLIST_FILE = ComputerScienceFlashCards/Info.plist;
				LD_RUNPATH_SEARCH_PATHS = "$(inherited) @executable_path/Frameworks";
				PRODUCT_BUNDLE_IDENTIFIER = "com.solstice-mobile.ComputerScienceFlashCards";
				PRODUCT_NAME = "$(TARGET_NAME)";
				SWIFT_VERSION = 3.0;
			};
			name = Debug;
		};
		EDE272DD1E650955003EDCD2 /* Release */ = {
			isa = XCBuildConfiguration;
			buildSettings = {
				ASSETCATALOG_COMPILER_APPICON_NAME = AppIcon;
				DEVELOPMENT_TEAM = N2YJW3P87B;
				INFOPLIST_FILE = ComputerScienceFlashCards/Info.plist;
				LD_RUNPATH_SEARCH_PATHS = "$(inherited) @executable_path/Frameworks";
				PRODUCT_BUNDLE_IDENTIFIER = "com.solstice-mobile.ComputerScienceFlashCards";
				PRODUCT_NAME = "$(TARGET_NAME)";
				SWIFT_VERSION = 3.0;
			};
			name = Release;
		};
		EDE272DF1E650955003EDCD2 /* Debug */ = {
			isa = XCBuildConfiguration;
			buildSettings = {
				ALWAYS_EMBED_SWIFT_STANDARD_LIBRARIES = YES;
				BUNDLE_LOADER = "$(TEST_HOST)";
				DEVELOPMENT_TEAM = 2DKEC74GE9;
				INFOPLIST_FILE = ComputerScienceFlashCardsTests/Info.plist;
				LD_RUNPATH_SEARCH_PATHS = "$(inherited) @executable_path/Frameworks @loader_path/Frameworks";
				PRODUCT_BUNDLE_IDENTIFIER = com.solstice.ComputerScienceFlashCardsTests;
				PRODUCT_NAME = "$(TARGET_NAME)";
				SWIFT_VERSION = 3.0;
				TEST_HOST = "$(BUILT_PRODUCTS_DIR)/ComputerScienceFlashCards.app/ComputerScienceFlashCards";
			};
			name = Debug;
		};
		EDE272E01E650955003EDCD2 /* Release */ = {
			isa = XCBuildConfiguration;
			buildSettings = {
				ALWAYS_EMBED_SWIFT_STANDARD_LIBRARIES = YES;
				BUNDLE_LOADER = "$(TEST_HOST)";
				DEVELOPMENT_TEAM = 2DKEC74GE9;
				INFOPLIST_FILE = ComputerScienceFlashCardsTests/Info.plist;
				LD_RUNPATH_SEARCH_PATHS = "$(inherited) @executable_path/Frameworks @loader_path/Frameworks";
				PRODUCT_BUNDLE_IDENTIFIER = com.solstice.ComputerScienceFlashCardsTests;
				PRODUCT_NAME = "$(TARGET_NAME)";
				SWIFT_VERSION = 3.0;
				TEST_HOST = "$(BUILT_PRODUCTS_DIR)/ComputerScienceFlashCards.app/ComputerScienceFlashCards";
			};
			name = Release;
		};
/* End XCBuildConfiguration section */

/* Begin XCConfigurationList section */
		EDE272B91E650955003EDCD2 /* Build configuration list for PBXProject "ComputerScienceFlashCards" */ = {
			isa = XCConfigurationList;
			buildConfigurations = (
				EDE272D91E650955003EDCD2 /* Debug */,
				EDE272DA1E650955003EDCD2 /* Release */,
			);
			defaultConfigurationIsVisible = 0;
			defaultConfigurationName = Release;
		};
		EDE272DB1E650955003EDCD2 /* Build configuration list for PBXNativeTarget "ComputerScienceFlashCards" */ = {
			isa = XCConfigurationList;
			buildConfigurations = (
				EDE272DC1E650955003EDCD2 /* Debug */,
				EDE272DD1E650955003EDCD2 /* Release */,
			);
			defaultConfigurationIsVisible = 0;
			defaultConfigurationName = Release;
		};
		EDE272DE1E650955003EDCD2 /* Build configuration list for PBXNativeTarget "ComputerScienceFlashCardsTests" */ = {
			isa = XCConfigurationList;
			buildConfigurations = (
				EDE272DF1E650955003EDCD2 /* Debug */,
				EDE272E01E650955003EDCD2 /* Release */,
			);
			defaultConfigurationIsVisible = 0;
			defaultConfigurationName = Release;
		};
/* End XCConfigurationList section */
	};
	rootObject = EDE272B61E650955003EDCD2 /* Project object */;
}
